{
  "version": "5",
  "redirects": {
    "https://esm.sh/@jsr/david__console-static-text@^0.3.0?target=denonext": "https://esm.sh/jsr/@david/console-static-text@0.3.0?target=denonext",
    "https://esm.sh/@jsr/david__path@0.2?target=denonext": "https://esm.sh/jsr/@david/path@0.2.0?target=denonext",
    "https://esm.sh/@jsr/david__which@~0.4.1?target=denonext": "https://esm.sh/jsr/@david/which@0.4.1?target=denonext",
    "https://esm.sh/@jsr/std__bytes@^1.0.5/copy?target=denonext": "https://esm.sh/jsr/@std/bytes@1.0.5/copy?target=denonext",
    "https://esm.sh/@jsr/std__fmt@1/colors?target=denonext": "https://esm.sh/jsr/@std/fmt@1.0.5/colors?target=denonext",
    "https://esm.sh/@jsr/std__fs@1/exists?target=denonext": "https://esm.sh/jsr/@std/fs@1.0.13/exists?target=denonext",
    "https://esm.sh/@jsr/std__fs@^1/copy?target=denonext": "https://esm.sh/jsr/@std/fs@1.0.13/copy?target=denonext",
    "https://esm.sh/@jsr/std__fs@^1/empty-dir?target=denonext": "https://esm.sh/jsr/@std/fs@1.0.13/empty-dir?target=denonext",
    "https://esm.sh/@jsr/std__fs@^1/ensure-dir?target=denonext": "https://esm.sh/jsr/@std/fs@1.0.13/ensure-dir?target=denonext",
    "https://esm.sh/@jsr/std__fs@^1/ensure-file?target=denonext": "https://esm.sh/jsr/@std/fs@1.0.13/ensure-file?target=denonext",
    "https://esm.sh/@jsr/std__io@0.225/buffer?target=denonext": "https://esm.sh/jsr/@std/io@0.225.2/buffer?target=denonext",
    "https://esm.sh/@jsr/std__io@0.225/reader-from-stream-reader?target=denonext": "https://esm.sh/jsr/@std/io@0.225.2/reader-from-stream-reader?target=denonext",
    "https://esm.sh/@jsr/std__io@0.225/write-all?target=denonext": "https://esm.sh/jsr/@std/io@0.225.2/write-all?target=denonext",
    "https://esm.sh/@jsr/std__path@1/join?target=denonext": "https://esm.sh/jsr/@std/path@1.0.8/join?target=denonext",
    "https://esm.sh/@jsr/std__path@1?target=denonext": "https://esm.sh/jsr/@std/path@1.0.8?target=denonext",
    "https://esm.sh/@jsr/std__path@^1.0.8/basename?target=denonext": "https://esm.sh/jsr/@std/path@1.0.8/basename?target=denonext",
    "https://esm.sh/@jsr/std__path@^1.0.8/constants?target=denonext": "https://esm.sh/jsr/@std/path@1.0.8/constants?target=denonext",
    "https://esm.sh/@jsr/std__path@^1.0.8/dirname?target=denonext": "https://esm.sh/jsr/@std/path@1.0.8/dirname?target=denonext",
    "https://esm.sh/@jsr/std__path@^1.0.8/from-file-url?target=denonext": "https://esm.sh/jsr/@std/path@1.0.8/from-file-url?target=denonext",
    "https://esm.sh/@jsr/std__path@^1.0.8/join?target=denonext": "https://esm.sh/jsr/@std/path@1.0.8/join?target=denonext",
    "https://esm.sh/@jsr/std__path@^1.0.8/resolve?target=denonext": "https://esm.sh/jsr/@std/path@1.0.8/resolve?target=denonext",
    "https://esm.sh/@jsr/std__path@^1/basename?target=denonext": "https://esm.sh/jsr/@std/path@1.0.8/basename?target=denonext",
    "https://esm.sh/@jsr/std__path@^1/dirname?target=denonext": "https://esm.sh/jsr/@std/path@1.0.8/dirname?target=denonext",
    "https://esm.sh/@jsr/std__path@^1/extname?target=denonext": "https://esm.sh/jsr/@std/path@1.0.8/extname?target=denonext",
    "https://esm.sh/@jsr/std__path@^1/from-file-url?target=denonext": "https://esm.sh/jsr/@std/path@1.0.8/from-file-url?target=denonext",
    "https://esm.sh/@jsr/std__path@^1/is-absolute?target=denonext": "https://esm.sh/jsr/@std/path@1.0.8/is-absolute?target=denonext",
    "https://esm.sh/@jsr/std__path@^1/join?target=denonext": "https://esm.sh/jsr/@std/path@1.0.8/join?target=denonext",
    "https://esm.sh/@jsr/std__path@^1/normalize?target=denonext": "https://esm.sh/jsr/@std/path@1.0.8/normalize?target=denonext",
    "https://esm.sh/@jsr/std__path@^1/relative?target=denonext": "https://esm.sh/jsr/@std/path@1.0.8/relative?target=denonext",
    "https://esm.sh/@jsr/std__path@^1/resolve?target=denonext": "https://esm.sh/jsr/@std/path@1.0.8/resolve?target=denonext",
    "https://esm.sh/@jsr/std__path@^1/to-file-url?target=denonext": "https://esm.sh/jsr/@std/path@1.0.8/to-file-url?target=denonext"
  },
  "remote": {
    "https://esm.sh/@jsr/david__console-static-text@0.3.0/denonext/david__console-static-text.mjs": "b5251dd7ba8630c68508d4c260b3578d79f0281ee1b9404cb90a7e7b4c4ce0ee",
    "https://esm.sh/@jsr/david__dax@0.43.2/denonext/mod.ts.mjs": "d6ee0e2eeaff16f787a344295ab78436a8c32a75a74409c335548c619ee7af87",
    "https://esm.sh/@jsr/david__dax@0.43.2/mod.ts": "735b055642dc7282adec5cd4a7ae4af5c5b3d1a020e08ae75bd11fd5916f369d",
    "https://esm.sh/@jsr/david__path@0.2.0/denonext/david__path.mjs": "df22f7d22aaf0508efcbb08390b8aaa05f24cd734b2a959d2a0dc70526efd3f7",
    "https://esm.sh/@jsr/david__which@0.4.1/denonext/david__which.mjs": "79034d297a40fdcaab67faaed21fcaf2027afe7488e513a7f0c6bfdcc59d5938",
    "https://esm.sh/@jsr/std__bytes@1.0.5/denonext/copy.mjs": "a9b2b1eeeac60828a99d55404be87d124f41ce81ec1312179a43ea46dfc52f0b",
    "https://esm.sh/@jsr/std__fmt@1.0.5/denonext/colors.mjs": "0feae72e5784054f9dc6817fc891ef28b880c4d30629cba718b4db233d85bb7d",
    "https://esm.sh/@jsr/std__fs@1.0.13/denonext/_get_file_info_type.mjs": "1edfeb5efe567cba854da695d971133405ab34a094c903f035c018ac857aed87",
    "https://esm.sh/@jsr/std__fs@1.0.13/denonext/_is_subdir.mjs": "656add0360627b3e3a0fb192380f352caab4a35ab394014a3a9a786c51dae85c",
    "https://esm.sh/@jsr/std__fs@1.0.13/denonext/_to_path_string.mjs": "8c86bc96a6bf7668638c6b438055631114608be6b46ac3c4080ef1f80cdcaccc",
    "https://esm.sh/@jsr/std__fs@1.0.13/denonext/copy.mjs": "0169bed4e5b00c1de038721c7c370fa8bb1acc9fe56092f4b937c155e5c997bd",
    "https://esm.sh/@jsr/std__fs@1.0.13/denonext/empty-dir.mjs": "95630c5bec4b263ac11fa69eebde2d4299de1d673a465bed406b934f46666b53",
    "https://esm.sh/@jsr/std__fs@1.0.13/denonext/ensure-dir.mjs": "df028c422e6db4e200b3532b96356bae928ab5efc856aa8717b7f68ee80f80b2",
    "https://esm.sh/@jsr/std__fs@1.0.13/denonext/ensure-file.mjs": "edc331475ba4c4bac569c3376f4162a4c3c8072bfc2a454224fea11241d2e2ec",
    "https://esm.sh/@jsr/std__fs@1.0.13/denonext/exists.mjs": "9040586786cc7ef66f5b266abaeb689df2676fa216511483e04eb44c3c247bd3",
    "https://esm.sh/@jsr/std__io@0.225.2/denonext/buffer.mjs": "38fdf509a5c9f199457f98d03fe5517ced109e51d7619fe8e2f9bf6706898a2b",
    "https://esm.sh/@jsr/std__io@0.225.2/denonext/reader-from-stream-reader.mjs": "8e2e1fa9ad770b203dbe1f33c5ac13a7728d0f397f548892953f07cb454eaf51",
    "https://esm.sh/@jsr/std__io@0.225.2/denonext/write-all.mjs": "4d339067b19be0b411cc323b7cce6bea1d8e678beffee8b24c546109a0274d28",
    "https://esm.sh/@jsr/std__path@1.0.8/denonext/_common/assert_path.mjs": "b4d71abc0dec3d6f441f2d843c1bd36863e8114b70a8415c9e66602de27f62ff",
    "https://esm.sh/@jsr/std__path@1.0.8/denonext/_common/basename.mjs": "fa8c52487817e8aaa10bbfb43ca2a626cbb3e87aabc5268b3b2f3c940ed66e10",
    "https://esm.sh/@jsr/std__path@1.0.8/denonext/_common/common.mjs": "4714fc6c9e4a87e01690e2b104388da89ce571acd2927a2b5593bd648543522a",
    "https://esm.sh/@jsr/std__path@1.0.8/denonext/_common/constants.mjs": "83975e7fb5b3b96b51b3ea5d84773a3debbb2f5b56f2d66bb7a5f1118cf8b38b",
    "https://esm.sh/@jsr/std__path@1.0.8/denonext/_common/dirname.mjs": "04e4044e18cdda2aebb777c5ba88035cda7a5b4597c9496fb6694b542c199007",
    "https://esm.sh/@jsr/std__path@1.0.8/denonext/_common/format.mjs": "4cad36c66850bc2e3b2acb8a8cce9e97174cd1752738cd4f9befd3f8afc70584",
    "https://esm.sh/@jsr/std__path@1.0.8/denonext/_common/from_file_url.mjs": "6ada0d2bee96e99e13e55a40285201d654a1482e21da576691fcaedce865c9bd",
    "https://esm.sh/@jsr/std__path@1.0.8/denonext/_common/glob_to_reg_exp.mjs": "3741b8876081ee6bf96f487842b544549b807bd338eeac44c570c0801f906022",
    "https://esm.sh/@jsr/std__path@1.0.8/denonext/_common/normalize.mjs": "0117e6213b62da049c1109528dad8ef09b1b1f854a52b3f6f69125e070f7f4f8",
    "https://esm.sh/@jsr/std__path@1.0.8/denonext/_common/normalize_string.mjs": "0750a3125de5f2f05409abe41037b81845b6bb65c567a452790b0230144b977a",
    "https://esm.sh/@jsr/std__path@1.0.8/denonext/_common/relative.mjs": "49ef8055c95142b8f050e183ed839f46dc313f5b9e14dc2c6ff4efb3a530b7cf",
    "https://esm.sh/@jsr/std__path@1.0.8/denonext/_common/strip_trailing_separators.mjs": "53184676aa0031fb66f4a5885026a7ced2532cf5cc2e0ecea757024b5080f2b1",
    "https://esm.sh/@jsr/std__path@1.0.8/denonext/_common/to_file_url.mjs": "57847aae3597f4b04bf2ef96aba62408f14e37c4e038701ff2a39babb0c9bed3",
    "https://esm.sh/@jsr/std__path@1.0.8/denonext/_os.mjs": "dfb9e811c0c31214c6454faea798d63339752cb7bbe3cadca5a653efd5aab55e",
    "https://esm.sh/@jsr/std__path@1.0.8/denonext/basename.mjs": "f81c7ed0c879930a83008da625f39723b9fc571a2d1d2b47fcf5864834ee91b4",
    "https://esm.sh/@jsr/std__path@1.0.8/denonext/common.mjs": "7f06940431d29b654ed7253b902d4df0b91e65452b0e24b2466ca8aa727712fe",
    "https://esm.sh/@jsr/std__path@1.0.8/denonext/constants.mjs": "e77fb8e7efa89b001f8792eaa8d9f0fb4c843b88507ca86a288d6a5273c3a9cf",
    "https://esm.sh/@jsr/std__path@1.0.8/denonext/dirname.mjs": "91c5831e0813091007de4f9243a2fce0a08eb6183d70225f70a1f1014ef086d1",
    "https://esm.sh/@jsr/std__path@1.0.8/denonext/extname.mjs": "a3824410d9a851cbd30a061d90e4b65a6cb7ee833bc968461b7f1bf15b2d9e29",
    "https://esm.sh/@jsr/std__path@1.0.8/denonext/format.mjs": "51c80fbe1261ab47a1e0324d18af4bb50e57bd6a3934710d8997de2a97127834",
    "https://esm.sh/@jsr/std__path@1.0.8/denonext/from-file-url.mjs": "2f3c53f80988f9cf09e70c7559339e398f89cba9db9789c552d53047eab17314",
    "https://esm.sh/@jsr/std__path@1.0.8/denonext/glob-to-regexp.mjs": "0b27d44ec3e074fac8a65cc0de5097ba2e4560eb14c16956e1d413f46e6c0c02",
    "https://esm.sh/@jsr/std__path@1.0.8/denonext/is-absolute.mjs": "2eb4e35ae64e50ae76b78e266536cb2fdc9b75e6e89614344c2791a41bb1e334",
    "https://esm.sh/@jsr/std__path@1.0.8/denonext/is-glob.mjs": "868f72a9cd7b9b8ae8dd3643198fd0ee7eabed6b19479d067c84054f5fe42a26",
    "https://esm.sh/@jsr/std__path@1.0.8/denonext/join-globs.mjs": "25a7339b6530b3ec2c7c91962b10a37daf432ebce70dc09e9af1a9145579afca",
    "https://esm.sh/@jsr/std__path@1.0.8/denonext/join.mjs": "cd7584034416cc7c85bd555143302107eb3a22d5de6ddcd682d2c51ff06ee6d1",
    "https://esm.sh/@jsr/std__path@1.0.8/denonext/normalize-glob.mjs": "7589f7699b185306b171ccec6ce391b33f556a55407eeedee696b423584e4b18",
    "https://esm.sh/@jsr/std__path@1.0.8/denonext/normalize.mjs": "a0da61782fe02cbeb67f363034c64e2fb4ce79327dc08d044b40f14712e6c41e",
    "https://esm.sh/@jsr/std__path@1.0.8/denonext/parse.mjs": "5f669c5320a359a7ec3f306cd79c90012232842002f028f576b625a3a132d554",
    "https://esm.sh/@jsr/std__path@1.0.8/denonext/posix/_util.mjs": "fef8161dfbcc443d9ce81397b6970fbb9521520e1cf077dea5335b8cd3e79619",
    "https://esm.sh/@jsr/std__path@1.0.8/denonext/posix/basename.mjs": "cc0d7825dde67102901854960cc9e4db9040819a239813dc984df2df3aa636e1",
    "https://esm.sh/@jsr/std__path@1.0.8/denonext/posix/constants.mjs": "0533785f74fcb9d7d569f130c3bdc0b60cab438b7b7e0561e6591890e7f5f530",
    "https://esm.sh/@jsr/std__path@1.0.8/denonext/posix/dirname.mjs": "cf870efa6405275d11ef3da37205dd3a4d8cfd04751c0c12f8d6b6791029c2f7",
    "https://esm.sh/@jsr/std__path@1.0.8/denonext/posix/extname.mjs": "7968af5e8ee1f55dbd5961cf9f12f41e7db5ba3152ab0e2a0f7311834ab48665",
    "https://esm.sh/@jsr/std__path@1.0.8/denonext/posix/format.mjs": "4a72c66edc7a8a5593666c881b147712992847bdfcb47103bd2c792a79a46afb",
    "https://esm.sh/@jsr/std__path@1.0.8/denonext/posix/from-file-url.mjs": "fa8d8071a592ab19ee51ab8c5963aca22885a7ed468ebcd67616ce9996b2374d",
    "https://esm.sh/@jsr/std__path@1.0.8/denonext/posix/glob-to-regexp.mjs": "072b3a79d4282b3cd68a7ca8d25025c9eca74043eacac9ddd623913f859444c2",
    "https://esm.sh/@jsr/std__path@1.0.8/denonext/posix/is-absolute.mjs": "1c5eb357448bac5e63efa386c78dba9c4ee9135f682f5c5e75b52303e8d5037a",
    "https://esm.sh/@jsr/std__path@1.0.8/denonext/posix/join-globs.mjs": "063e14681dcb8c1d5ec272696d7d568bea116a0a7c0223f41c81d42c7d39e009",
    "https://esm.sh/@jsr/std__path@1.0.8/denonext/posix/join.mjs": "64f8d0b722014ab81450f8dfaf6ec23d7b0347facb73ecfbb62955e004cb751f",
    "https://esm.sh/@jsr/std__path@1.0.8/denonext/posix/normalize-glob.mjs": "4d5be877e85ade564ceff5d76cfcb2d3d263bbd9947b2350928d827e103636c7",
    "https://esm.sh/@jsr/std__path@1.0.8/denonext/posix/normalize.mjs": "f4e1faac10ef84479aa2457a12eac437d97dcae8066952c8af38886fae0000b7",
    "https://esm.sh/@jsr/std__path@1.0.8/denonext/posix/parse.mjs": "752e7b0e185c214e8c13c16d4fdc19717a576628287bddc97eee44f6ccbe885f",
    "https://esm.sh/@jsr/std__path@1.0.8/denonext/posix/relative.mjs": "c95a1bb8f4ef5bb79f472ae4a7e0a5c21822cd3c92166f3b98ad58d0c808c859",
    "https://esm.sh/@jsr/std__path@1.0.8/denonext/posix/resolve.mjs": "ca84ec234d918e1ebe3a2925f7a29c4977a96e67a3a045739dd8e29339bda60b",
    "https://esm.sh/@jsr/std__path@1.0.8/denonext/posix/to-file-url.mjs": "321f419afae79040c66db6baf9aa53757e6ae0e780ef4bbd7faa7dee5af96350",
    "https://esm.sh/@jsr/std__path@1.0.8/denonext/posix/to-namespaced-path.mjs": "e35a8627bd34a573f6a7d44abe28edbf2d8f29225a2bd8232d0df2328154148f",
    "https://esm.sh/@jsr/std__path@1.0.8/denonext/relative.mjs": "7ad142b9c208b066535166fa6eaefa89d6f7ebafd2a8fe511f90760d9a0200ca",
    "https://esm.sh/@jsr/std__path@1.0.8/denonext/resolve.mjs": "34d94b91560f45eb7b0f253a7982b912da85e2656cec00967b850f24dada5fa7",
    "https://esm.sh/@jsr/std__path@1.0.8/denonext/std__path.mjs": "8f208d33944b9e98dfb44c0d9e5551fb8ba8e7ee42584604ff3e6fe56bf78db6",
    "https://esm.sh/@jsr/std__path@1.0.8/denonext/to-file-url.mjs": "09785dbff0cacbcf67816b13e6733c9a2be371ac1808c28ff754eff22b3c00c4",
    "https://esm.sh/@jsr/std__path@1.0.8/denonext/to-namespaced-path.mjs": "b74b65c12054675c6756c4de8a32d120e7abf139eaf89c015bb1adf906522061",
    "https://esm.sh/@jsr/std__path@1.0.8/denonext/types.mjs": "a455f5deddbd24019ef576d852ac033b50b67038cc7424d213c0a35c707f5d07",
    "https://esm.sh/@jsr/std__path@1.0.8/denonext/windows/_util.mjs": "94be6dd880b1d1cc09dbf770d73088948e51f51107cfe9a7092b4a7549d68220",
    "https://esm.sh/@jsr/std__path@1.0.8/denonext/windows/basename.mjs": "1eb850573e15459714787d35da2e6e61d1b082b98b9c4eeee8da9a34db25f251",
    "https://esm.sh/@jsr/std__path@1.0.8/denonext/windows/constants.mjs": "0d06fc9fc605b3cf74d858a257adc31b3bde4e61070189e1360f4d76736537c1",
    "https://esm.sh/@jsr/std__path@1.0.8/denonext/windows/dirname.mjs": "8b802a337e4099d414c39938d3e8b9b9287cfedf2d9c29c712707ec09cad0ae4",
    "https://esm.sh/@jsr/std__path@1.0.8/denonext/windows/extname.mjs": "4d09551ea00148577c96ef75afe2b5677937bffa5d456171ca8a108c6ae82528",
    "https://esm.sh/@jsr/std__path@1.0.8/denonext/windows/format.mjs": "448db8518a5b6d6730e3d92715b268a72efcb6dba3fd0c5b4139d02e55761a5d",
    "https://esm.sh/@jsr/std__path@1.0.8/denonext/windows/from-file-url.mjs": "502da7b9be1ecb7566f7d4d85fc851d18b6283dba96ac25f3d3cf537b4116234",
    "https://esm.sh/@jsr/std__path@1.0.8/denonext/windows/glob-to-regexp.mjs": "d463aebc40c0389715b22835bff2cd36d01bfe6f639d2151bc9999dca617251b",
    "https://esm.sh/@jsr/std__path@1.0.8/denonext/windows/is-absolute.mjs": "f82d42b948620e543971bb571b155a17474e0d7d800f022d62bec844eefdacb8",
    "https://esm.sh/@jsr/std__path@1.0.8/denonext/windows/join-globs.mjs": "da3d90f976c07c1824b158995bc809b480d03ec140094dcc208ad3bfdb4e53e9",
    "https://esm.sh/@jsr/std__path@1.0.8/denonext/windows/join.mjs": "c1f02c6a8ffa4cdcdf61df4d0e28f86c4d4016c4369705d0814a7d776ac0f042",
    "https://esm.sh/@jsr/std__path@1.0.8/denonext/windows/normalize-glob.mjs": "ce7bb926bef8853fd2c04402493701cba20b920db0f728ecd07a5f289572126c",
    "https://esm.sh/@jsr/std__path@1.0.8/denonext/windows/normalize.mjs": "ea3fd4fe50a462619cd8bc620081da0b68581778d9b44c0af5690242d1862be8",
    "https://esm.sh/@jsr/std__path@1.0.8/denonext/windows/parse.mjs": "52eda8a7062087560412468a0fed429b2b141e6b85daa83c2293b280e0f5333a",
    "https://esm.sh/@jsr/std__path@1.0.8/denonext/windows/relative.mjs": "d1a280764c6a790c9893e26826f4654d7ac554d1b3277975a6abac8eaf00ab9a",
    "https://esm.sh/@jsr/std__path@1.0.8/denonext/windows/resolve.mjs": "d60805dc8dcc94856a6453379f62288443d46cd8deeafeada92c82a48e408ffb",
    "https://esm.sh/@jsr/std__path@1.0.8/denonext/windows/to-file-url.mjs": "9c684c924f787e35c4495414b092cc1b82d8a98cbe9cd0937217cd5418a7ee34",
    "https://esm.sh/@jsr/std__path@1.0.8/denonext/windows/to-namespaced-path.mjs": "c9cefa625ee2341a49a630c8acd097bc8772d698f64e14284e263baaa46b6072",
    "https://esm.sh/jsr/@david/console-static-text@0.3.0?target=denonext": "9d28cea12da27183a68c38f8b010d8a8ab1644b135779b41b67d863918d12e34",
    "https://esm.sh/jsr/@david/path@0.2.0?target=denonext": "a92efc3b0885a4fecafd1c54df6a4f79cb0c9ddc13a10a0fe583d8b2d61f3fec",
    "https://esm.sh/jsr/@david/which@0.4.1?target=denonext": "bc3be09a00ba3d8052b26d4e60a9a03865bfa197be2b82bf43e388208a1cb76c",
    "https://esm.sh/jsr/@std/bytes@1.0.5/copy?target=denonext": "863094249dc2ada3417c7c445de65651d58052d7b9fec9d437e034a68cf6e169",
    "https://esm.sh/jsr/@std/fmt@1.0.5/colors?target=denonext": "cc0d1cf90a3fda5890e1b667759ded3f4b8376daf8aadd273b24725c4a8448e9",
    "https://esm.sh/jsr/@std/fs@1.0.13/copy?target=denonext": "941489b0de4c848ad537a44ed662b0abdfac50b3f81267c0847bfdb8f38ca187",
    "https://esm.sh/jsr/@std/fs@1.0.13/empty-dir?target=denonext": "264bee40bade425a5429356c0801f684c06b9e6679f58251c9d5920c5869e456",
    "https://esm.sh/jsr/@std/fs@1.0.13/ensure-dir?target=denonext": "77f9a2320de5f0b35013b687f755212c931d98b5905145e86f54f7678420296a",
    "https://esm.sh/jsr/@std/fs@1.0.13/ensure-file?target=denonext": "109c7d46d4d171dbd9ce37ff0588a1b21b406774814012c476f977c99f80210f",
    "https://esm.sh/jsr/@std/fs@1.0.13/exists?target=denonext": "9be2d3f2e251f272500facba2ab259901836acbfd4b0af9cbc231463962ae286",
    "https://esm.sh/jsr/@std/io@0.225.2/buffer?target=denonext": "4afbc87ce1fd6bb17973f32728455e239212e1b99b364ac8830c47813571bf2f",
    "https://esm.sh/jsr/@std/io@0.225.2/reader-from-stream-reader?target=denonext": "5b6a0cb3dd70b8910634a40db11f7acd8bc94b8383f547131f2c47fe478e8ff4",
    "https://esm.sh/jsr/@std/io@0.225.2/write-all?target=denonext": "ca200c3a9c17b14b02bf88f5bc921d79c9190bdae0e7274f419963737cc500db",
    "https://esm.sh/jsr/@std/path@1.0.8/basename?target=denonext": "11a8c7216103997dfffc04cfa5e5d253b7f5e31ff5e505eba6c5e2a1cef0fa21",
    "https://esm.sh/jsr/@std/path@1.0.8/constants?target=denonext": "ce47a331e136a573aea54df2518724dbc9d82b20e2ac837df6dfb8016b6d2f80",
    "https://esm.sh/jsr/@std/path@1.0.8/dirname?target=denonext": "dbda8eb14d867357d1fc1f89ddac4b900a092d5446a596870f3a9e20a7b1f9e8",
    "https://esm.sh/jsr/@std/path@1.0.8/extname?target=denonext": "bd681e15aafae8f31953f343b7ec215376139667ad2620c5a3a762a07518e97e",
    "https://esm.sh/jsr/@std/path@1.0.8/from-file-url?target=denonext": "b17ccbb7c290d91e23a36b2b0fefe4ba5dc20b2f7faa3fd45ccee41379d2636c",
    "https://esm.sh/jsr/@std/path@1.0.8/is-absolute?target=denonext": "469655b6420e95c80d9635e38b316737c09da5782672d56a64684ab01e681e6a",
    "https://esm.sh/jsr/@std/path@1.0.8/join?target=denonext": "a97df1b8615c4cdec68b1194bd021dca0796a4332e25171b399473dc6d00269e",
    "https://esm.sh/jsr/@std/path@1.0.8/normalize?target=denonext": "1a895512e2151c78151f8086bb0a6d93f96ac9e5d2a6ead82cf3ff3c6d95eba8",
    "https://esm.sh/jsr/@std/path@1.0.8/relative?target=denonext": "80203d3231d8a02c8801c209d9518c4e14985399296ecc6a664a90221c226349",
    "https://esm.sh/jsr/@std/path@1.0.8/resolve?target=denonext": "492271377dc2e2181a950dbcca9bd9678ec38fbd6e7a271b35090f3527fd73f2",
    "https://esm.sh/jsr/@std/path@1.0.8/to-file-url?target=denonext": "aa629f594c85936390d77e162a67bb971fd18cdcc96d2837c56dcbd219a44151",
    "https://esm.sh/jsr/@std/path@1.0.8?target=denonext": "dbc47494ea7bffb1165a0247cbc829fad1674cfe2c43dd2149de91b03b352cce"
  },
  "workspace": {
    "packageJson": {
      "dependencies": [
        "npm:electron-packager@^17.1.2",
        "npm:lodash@^4.17.21"
      ]
    }
  }
}
